
Microsoft Visual Studio Solution File, Format Version 12.00
# Visual Studio Version 17
VisualStudioVersion = 17.11.35222.181
MinimumVisualStudioVersion = 10.0.40219.1
Project("{FAE04EC0-301F-11D3-BF4B-00C04F79EFBC}") = "MatyaskerTipp", "MatyaskerTipp\MatyaskerTipp.csproj", "{AF146B8C-2A35-4920-ADAF-5608620C1495}"
EndProject
Global
	GlobalSection(SolutionConfigurationPlatforms) = preSolution
		Debug|Any CPU = Debug|Any CPU
		Release|Any CPU = Release|Any CPU
	EndGlobalSection
	GlobalSection(ProjectConfigurationPlatforms) = postSolution
		{AF146B8C-2A35-4920-ADAF-5608620C1495}.Debug|Any CPU.ActiveCfg = Debug|Any CPU
		{AF146B8C-2A35-4920-ADAF-5608620C1495}.Debug|Any CPU.Build.0 = Debug|Any CPU
		{AF146B8C-2A35-4920-ADAF-5608620C1495}.Release|Any CPU.ActiveCfg = Release|Any CPU
		{AF146B8C-2A35-4920-ADAF-5608620C1495}.Release|Any CPU.Build.0 = Release|Any CPU
	EndGlobalSection
	GlobalSection(SolutionProperties) = preSolution
		HideSolutionNode = FALSE
	EndGlobalSection
	GlobalSection(ExtensibilityGlobals) = postSolution
		SolutionGuid = {67285D33-2C42-4513-8621-78408789E191}
	EndGlobalSection
EndGlobal
